
Microsoft Visual Studio Solution File, Format Version 12.00
# Visual Studio Version 16
VisualStudioVersion = 16.0.31624.102
MinimumVisualStudioVersion = 10.0.40219.1
Project("{FAE04EC0-301F-11D3-BF4B-00C04F79EFBC}") = "API-370", "API-370\API-370.csproj", "{ACE624A2-23DC-4409-B9FD-E3DB01CDF119}"
EndProject
Global
	GlobalSection(SolutionConfigurationPlatforms) = preSolution
		Debug|Any CPU = Debug|Any CPU
		Release|Any CPU = Release|Any CPU
	EndGlobalSection
	GlobalSection(ProjectConfigurationPlatforms) = postSolution
		{ACE624A2-23DC-4409-B9FD-E3DB01CDF119}.Debug|Any CPU.ActiveCfg = Debug|Any CPU
		{ACE624A2-23DC-4409-B9FD-E3DB01CDF119}.Debug|Any CPU.Build.0 = Debug|Any CPU
		{ACE624A2-23DC-4409-B9FD-E3DB01CDF119}.Release|Any CPU.ActiveCfg = Release|Any CPU
		{ACE624A2-23DC-4409-B9FD-E3DB01CDF119}.Release|Any CPU.Build.0 = Release|Any CPU
	EndGlobalSection
	GlobalSection(SolutionProperties) = preSolution
		HideSolutionNode = FALSE
	EndGlobalSection
	GlobalSection(ExtensibilityGlobals) = postSolution
		SolutionGuid = {1B130B16-A13A-498A-902F-CE3DB90B90A6}
	EndGlobalSection
EndGlobal
